
Microsoft Visual Studio Solution File, Format Version 12.00
# Visual Studio Version 16
VisualStudioVersion = 16.0.35130.168
MinimumVisualStudioVersion = 10.0.40219.1
Project("{FAE04EC0-301F-11D3-BF4B-00C04F79EFBC}") = "Comparing Numbers", "Comparing Numbers\Comparing Numbers.csproj", "{B87BF1C4-2C22-41A5-B0AD-72C92FF79A4E}"
EndProject
Global
	GlobalSection(SolutionConfigurationPlatforms) = preSolution
		Debug|Any CPU = Debug|Any CPU
		Release|Any CPU = Release|Any CPU
	EndGlobalSection
	GlobalSection(ProjectConfigurationPlatforms) = postSolution
		{B87BF1C4-2C22-41A5-B0AD-72C92FF79A4E}.Debug|Any CPU.ActiveCfg = Debug|Any CPU
		{B87BF1C4-2C22-41A5-B0AD-72C92FF79A4E}.Debug|Any CPU.Build.0 = Debug|Any CPU
		{B87BF1C4-2C22-41A5-B0AD-72C92FF79A4E}.Release|Any CPU.ActiveCfg = Release|Any CPU
		{B87BF1C4-2C22-41A5-B0AD-72C92FF79A4E}.Release|Any CPU.Build.0 = Release|Any CPU
	EndGlobalSection
	GlobalSection(SolutionProperties) = preSolution
		HideSolutionNode = FALSE
	EndGlobalSection
	GlobalSection(ExtensibilityGlobals) = postSolution
		SolutionGuid = {DA4EF70C-A435-4428-B503-1C14DD5BCC93}
	EndGlobalSection
EndGlobal
